
Microsoft Visual Studio Solution File, Format Version 12.00
# Visual Studio 15
VisualStudioVersion = 15.0.26124.0
MinimumVisualStudioVersion = 15.0.26124.0
Project("{FAE04EC0-301F-11D3-BF4B-00C04F79EFBC}") = "TheGarden.MainFile", "TheGarden.MainFile\TheGarden.MainFile.csproj", "{C5B13463-A064-4241-9B53-6EB86CB1EA40}"
EndProject
Project("{FAE04EC0-301F-11D3-BF4B-00C04F79EFBC}") = "TheGarden.Library", "TheGarden.Library\TheGarden.Library.csproj", "{EDCF81B6-7A69-4D58-A3B9-FAAFA8445CB6}"
EndProject
Project("{FAE04EC0-301F-11D3-BF4B-00C04F79EFBC}") = "TheGarden.DataAccess", "TheGarden.DataAccess\TheGarden.DataAccess.csproj", "{4FD866CD-58FC-4DAA-B6F6-87D181DCF18F}"
EndProject
Project("{FAE04EC0-301F-11D3-BF4B-00C04F79EFBC}") = "TheGarden.Tests", "TheGarden.Tests\TheGarden.Tests.csproj", "{621DEDDC-0493-4CA7-8FC8-3B85D1293BEA}"
EndProject
Global
	GlobalSection(SolutionConfigurationPlatforms) = preSolution
		Debug|Any CPU = Debug|Any CPU
		Debug|x64 = Debug|x64
		Debug|x86 = Debug|x86
		Release|Any CPU = Release|Any CPU
		Release|x64 = Release|x64
		Release|x86 = Release|x86
	EndGlobalSection
	GlobalSection(SolutionProperties) = preSolution
		HideSolutionNode = FALSE
	EndGlobalSection
	GlobalSection(ProjectConfigurationPlatforms) = postSolution
		{C5B13463-A064-4241-9B53-6EB86CB1EA40}.Debug|Any CPU.ActiveCfg = Debug|Any CPU
		{C5B13463-A064-4241-9B53-6EB86CB1EA40}.Debug|Any CPU.Build.0 = Debug|Any CPU
		{C5B13463-A064-4241-9B53-6EB86CB1EA40}.Debug|x64.ActiveCfg = Debug|Any CPU
		{C5B13463-A064-4241-9B53-6EB86CB1EA40}.Debug|x64.Build.0 = Debug|Any CPU
		{C5B13463-A064-4241-9B53-6EB86CB1EA40}.Debug|x86.ActiveCfg = Debug|Any CPU
		{C5B13463-A064-4241-9B53-6EB86CB1EA40}.Debug|x86.Build.0 = Debug|Any CPU
		{C5B13463-A064-4241-9B53-6EB86CB1EA40}.Release|Any CPU.ActiveCfg = Release|Any CPU
		{C5B13463-A064-4241-9B53-6EB86CB1EA40}.Release|Any CPU.Build.0 = Release|Any CPU
		{C5B13463-A064-4241-9B53-6EB86CB1EA40}.Release|x64.ActiveCfg = Release|Any CPU
		{C5B13463-A064-4241-9B53-6EB86CB1EA40}.Release|x64.Build.0 = Release|Any CPU
		{C5B13463-A064-4241-9B53-6EB86CB1EA40}.Release|x86.ActiveCfg = Release|Any CPU
		{C5B13463-A064-4241-9B53-6EB86CB1EA40}.Release|x86.Build.0 = Release|Any CPU
		{EDCF81B6-7A69-4D58-A3B9-FAAFA8445CB6}.Debug|Any CPU.ActiveCfg = Debug|Any CPU
		{EDCF81B6-7A69-4D58-A3B9-FAAFA8445CB6}.Debug|Any CPU.Build.0 = Debug|Any CPU
		{EDCF81B6-7A69-4D58-A3B9-FAAFA8445CB6}.Debug|x64.ActiveCfg = Debug|Any CPU
		{EDCF81B6-7A69-4D58-A3B9-FAAFA8445CB6}.Debug|x64.Build.0 = Debug|Any CPU
		{EDCF81B6-7A69-4D58-A3B9-FAAFA8445CB6}.Debug|x86.ActiveCfg = Debug|Any CPU
		{EDCF81B6-7A69-4D58-A3B9-FAAFA8445CB6}.Debug|x86.Build.0 = Debug|Any CPU
		{EDCF81B6-7A69-4D58-A3B9-FAAFA8445CB6}.Release|Any CPU.ActiveCfg = Release|Any CPU
		{EDCF81B6-7A69-4D58-A3B9-FAAFA8445CB6}.Release|Any CPU.Build.0 = Release|Any CPU
		{EDCF81B6-7A69-4D58-A3B9-FAAFA8445CB6}.Release|x64.ActiveCfg = Release|Any CPU
		{EDCF81B6-7A69-4D58-A3B9-FAAFA8445CB6}.Release|x64.Build.0 = Release|Any CPU
		{EDCF81B6-7A69-4D58-A3B9-FAAFA8445CB6}.Release|x86.ActiveCfg = Release|Any CPU
		{EDCF81B6-7A69-4D58-A3B9-FAAFA8445CB6}.Release|x86.Build.0 = Release|Any CPU
		{4FD866CD-58FC-4DAA-B6F6-87D181DCF18F}.Debug|Any CPU.ActiveCfg = Debug|Any CPU
		{4FD866CD-58FC-4DAA-B6F6-87D181DCF18F}.Debug|Any CPU.Build.0 = Debug|Any CPU
		{4FD866CD-58FC-4DAA-B6F6-87D181DCF18F}.Debug|x64.ActiveCfg = Debug|Any CPU
		{4FD866CD-58FC-4DAA-B6F6-87D181DCF18F}.Debug|x64.Build.0 = Debug|Any CPU
		{4FD866CD-58FC-4DAA-B6F6-87D181DCF18F}.Debug|x86.ActiveCfg = Debug|Any CPU
		{4FD866CD-58FC-4DAA-B6F6-87D181DCF18F}.Debug|x86.Build.0 = Debug|Any CPU
		{4FD866CD-58FC-4DAA-B6F6-87D181DCF18F}.Release|Any CPU.ActiveCfg = Release|Any CPU
		{4FD866CD-58FC-4DAA-B6F6-87D181DCF18F}.Release|Any CPU.Build.0 = Release|Any CPU
		{4FD866CD-58FC-4DAA-B6F6-87D181DCF18F}.Release|x64.ActiveCfg = Release|Any CPU
		{4FD866CD-58FC-4DAA-B6F6-87D181DCF18F}.Release|x64.Build.0 = Release|Any CPU
		{4FD866CD-58FC-4DAA-B6F6-87D181DCF18F}.Release|x86.ActiveCfg = Release|Any CPU
		{4FD866CD-58FC-4DAA-B6F6-87D181DCF18F}.Release|x86.Build.0 = Release|Any CPU
		{621DEDDC-0493-4CA7-8FC8-3B85D1293BEA}.Debug|Any CPU.ActiveCfg = Debug|Any CPU
		{621DEDDC-0493-4CA7-8FC8-3B85D1293BEA}.Debug|Any CPU.Build.0 = Debug|Any CPU
		{621DEDDC-0493-4CA7-8FC8-3B85D1293BEA}.Debug|x64.ActiveCfg = Debug|Any CPU
		{621DEDDC-0493-4CA7-8FC8-3B85D1293BEA}.Debug|x64.Build.0 = Debug|Any CPU
		{621DEDDC-0493-4CA7-8FC8-3B85D1293BEA}.Debug|x86.ActiveCfg = Debug|Any CPU
		{621DEDDC-0493-4CA7-8FC8-3B85D1293BEA}.Debug|x86.Build.0 = Debug|Any CPU
		{621DEDDC-0493-4CA7-8FC8-3B85D1293BEA}.Release|Any CPU.ActiveCfg = Release|Any CPU
		{621DEDDC-0493-4CA7-8FC8-3B85D1293BEA}.Release|Any CPU.Build.0 = Release|Any CPU
		{621DEDDC-0493-4CA7-8FC8-3B85D1293BEA}.Release|x64.ActiveCfg = Release|Any CPU
		{621DEDDC-0493-4CA7-8FC8-3B85D1293BEA}.Release|x64.Build.0 = Release|Any CPU
		{621DEDDC-0493-4CA7-8FC8-3B85D1293BEA}.Release|x86.ActiveCfg = Release|Any CPU
		{621DEDDC-0493-4CA7-8FC8-3B85D1293BEA}.Release|x86.Build.0 = Release|Any CPU
	EndGlobalSection
EndGlobal
